
Microsoft Visual Studio Solution File, Format Version 12.00
# Visual Studio Version 17
VisualStudioVersion = 17.4.33403.182
MinimumVisualStudioVersion = 10.0.40219.1
Project("{FAE04EC0-301F-11D3-BF4B-00C04F79EFBC}") = "Do_While_Dongusu", "Do_While_Dongusu\Do_While_Dongusu.csproj", "{BCF9F712-88B5-4E2A-B495-3CCCE95A3FF8}"
EndProject
Global
	GlobalSection(SolutionConfigurationPlatforms) = preSolution
		Debug|Any CPU = Debug|Any CPU
		Release|Any CPU = Release|Any CPU
	EndGlobalSection
	GlobalSection(ProjectConfigurationPlatforms) = postSolution
		{BCF9F712-88B5-4E2A-B495-3CCCE95A3FF8}.Debug|Any CPU.ActiveCfg = Debug|Any CPU
		{BCF9F712-88B5-4E2A-B495-3CCCE95A3FF8}.Debug|Any CPU.Build.0 = Debug|Any CPU
		{BCF9F712-88B5-4E2A-B495-3CCCE95A3FF8}.Release|Any CPU.ActiveCfg = Release|Any CPU
		{BCF9F712-88B5-4E2A-B495-3CCCE95A3FF8}.Release|Any CPU.Build.0 = Release|Any CPU
	EndGlobalSection
	GlobalSection(SolutionProperties) = preSolution
		HideSolutionNode = FALSE
	EndGlobalSection
	GlobalSection(ExtensibilityGlobals) = postSolution
		SolutionGuid = {83B00B3B-6581-494A-B86A-D5D92028D44C}
	EndGlobalSection
EndGlobal
